# THIS IS AN AUTOGENERATED FILE. DO NOT EDIT THIS FILE DIRECTLY.
# yarn lockfile v1


http-post@^0.1.1:
  version "0.1.1"
  resolved "https://registry.yarnpkg.com/http-post/-/http-post-0.1.1.tgz#b9dc73ca772932157be50fd469c76fa18e83c945"

lib@^3.0.1:
  version "3.0.1"
  resolved "https://registry.yarnpkg.com/lib/-/lib-3.0.1.tgz#3a5f3b19c49d4123a1f2b8c1659dc3acd9911c39"
